
Microsoft Visual Studio Solution File, Format Version 12.00
# Visual Studio Version 16
VisualStudioVersion = 16.0.29123.89
MinimumVisualStudioVersion = 10.0.40219.1
Project("{FAE04EC0-301F-11D3-BF4B-00C04F79EFBC}") = "HostedServiceStartErrorTest", "HostedServiceStartErrorTest\HostedServiceStartErrorTest.csproj", "{FE77461A-B252-4608-A5CB-ABDDAA5DDB33}"
EndProject
Global
	GlobalSection(SolutionConfigurationPlatforms) = preSolution
		Debug|Any CPU = Debug|Any CPU
		Release|Any CPU = Release|Any CPU
	EndGlobalSection
	GlobalSection(ProjectConfigurationPlatforms) = postSolution
		{FE77461A-B252-4608-A5CB-ABDDAA5DDB33}.Debug|Any CPU.ActiveCfg = Debug|Any CPU
		{FE77461A-B252-4608-A5CB-ABDDAA5DDB33}.Debug|Any CPU.Build.0 = Debug|Any CPU
		{FE77461A-B252-4608-A5CB-ABDDAA5DDB33}.Release|Any CPU.ActiveCfg = Release|Any CPU
		{FE77461A-B252-4608-A5CB-ABDDAA5DDB33}.Release|Any CPU.Build.0 = Release|Any CPU
	EndGlobalSection
	GlobalSection(SolutionProperties) = preSolution
		HideSolutionNode = FALSE
	EndGlobalSection
	GlobalSection(ExtensibilityGlobals) = postSolution
		SolutionGuid = {5238BAF3-597E-4D62-BA4A-3649894EA889}
	EndGlobalSection
EndGlobal
